
Microsoft Visual Studio Solution File, Format Version 11.00
# Visual Studio 2010
# SharpDevelop 5.1
Project("{FAE04EC0-301F-11D3-BF4B-00C04F79EFBC}") = "GameSelectionInterface", "GameSelectionInterface\GameSelectionInterface.csproj", "{C85A2C1B-2E71-4A8B-B6E9-D310BBBA0A2F}"
EndProject
Project("{FAE04EC0-301F-11D3-BF4B-00C04F79EFBC}") = "ThreeCardPoker", "ThreeCardPoker\ThreeCardPoker.csproj", "{C817CA82-5EBF-4426-8618-A889073C714D}"
EndProject
Global
	GlobalSection(SolutionConfigurationPlatforms) = preSolution
		Debug|Any CPU = Debug|Any CPU
		Release|Any CPU = Release|Any CPU
	EndGlobalSection
	GlobalSection(ProjectConfigurationPlatforms) = postSolution
		{C85A2C1B-2E71-4A8B-B6E9-D310BBBA0A2F}.Debug|Any CPU.ActiveCfg = Debug|Any CPU
		{C85A2C1B-2E71-4A8B-B6E9-D310BBBA0A2F}.Debug|Any CPU.Build.0 = Debug|Any CPU
		{C85A2C1B-2E71-4A8B-B6E9-D310BBBA0A2F}.Release|Any CPU.ActiveCfg = Release|Any CPU
		{C85A2C1B-2E71-4A8B-B6E9-D310BBBA0A2F}.Release|Any CPU.Build.0 = Release|Any CPU
		{C817CA82-5EBF-4426-8618-A889073C714D}.Debug|Any CPU.ActiveCfg = Debug|Any CPU
		{C817CA82-5EBF-4426-8618-A889073C714D}.Debug|Any CPU.Build.0 = Debug|Any CPU
		{C817CA82-5EBF-4426-8618-A889073C714D}.Release|Any CPU.ActiveCfg = Release|Any CPU
		{C817CA82-5EBF-4426-8618-A889073C714D}.Release|Any CPU.Build.0 = Release|Any CPU
	EndGlobalSection
EndGlobal
